
Microsoft Visual Studio Solution File, Format Version 12.00
# Visual Studio Version 16
VisualStudioVersion = 16.0.29905.134
MinimumVisualStudioVersion = 10.0.40219.1
Project("{FAE04EC0-301F-11D3-BF4B-00C04F79EFBC}") = "CG_lab1", "CG-lab1\CG_lab1.csproj", "{EC98911A-32F8-4ACE-8C61-F99CE404AB6B}"
EndProject
Global
	GlobalSection(SolutionConfigurationPlatforms) = preSolution
		Debug|Any CPU = Debug|Any CPU
		Release|Any CPU = Release|Any CPU
	EndGlobalSection
	GlobalSection(ProjectConfigurationPlatforms) = postSolution
		{EC98911A-32F8-4ACE-8C61-F99CE404AB6B}.Debug|Any CPU.ActiveCfg = Debug|Any CPU
		{EC98911A-32F8-4ACE-8C61-F99CE404AB6B}.Debug|Any CPU.Build.0 = Debug|Any CPU
		{EC98911A-32F8-4ACE-8C61-F99CE404AB6B}.Release|Any CPU.ActiveCfg = Release|Any CPU
		{EC98911A-32F8-4ACE-8C61-F99CE404AB6B}.Release|Any CPU.Build.0 = Release|Any CPU
	EndGlobalSection
	GlobalSection(SolutionProperties) = preSolution
		HideSolutionNode = FALSE
	EndGlobalSection
	GlobalSection(ExtensibilityGlobals) = postSolution
		SolutionGuid = {FD020800-1F11-42DC-9CB7-394FFACE60FC}
	EndGlobalSection
EndGlobal
