
Microsoft Visual Studio Solution File, Format Version 12.00
# Visual Studio Version 16
VisualStudioVersion = 16.0.29905.134
MinimumVisualStudioVersion = 10.0.40219.1
Project("{FAE04EC0-301F-11D3-BF4B-00C04F79EFBC}") = "CG-lab3", "CG-lab3\CG-lab3.csproj", "{6903213E-F53D-48F9-BE32-A73AC051DA5C}"
EndProject
Global
	GlobalSection(SolutionConfigurationPlatforms) = preSolution
		Debug|Any CPU = Debug|Any CPU
		Release|Any CPU = Release|Any CPU
	EndGlobalSection
	GlobalSection(ProjectConfigurationPlatforms) = postSolution
		{6903213E-F53D-48F9-BE32-A73AC051DA5C}.Debug|Any CPU.ActiveCfg = Debug|Any CPU
		{6903213E-F53D-48F9-BE32-A73AC051DA5C}.Debug|Any CPU.Build.0 = Debug|Any CPU
		{6903213E-F53D-48F9-BE32-A73AC051DA5C}.Release|Any CPU.ActiveCfg = Release|Any CPU
		{6903213E-F53D-48F9-BE32-A73AC051DA5C}.Release|Any CPU.Build.0 = Release|Any CPU
	EndGlobalSection
	GlobalSection(SolutionProperties) = preSolution
		HideSolutionNode = FALSE
	EndGlobalSection
	GlobalSection(ExtensibilityGlobals) = postSolution
		SolutionGuid = {726611A9-C136-42D2-9D2D-A6ACDBB44E4D}
	EndGlobalSection
EndGlobal
